
Microsoft Visual Studio Solution File, Format Version 12.00
# Visual Studio Version 16
VisualStudioVersion = 16.0.32630.194
MinimumVisualStudioVersion = 10.0.40219.1
Project("{FAE04EC0-301F-11D3-BF4B-00C04F79EFBC}") = "SalesWebMVC", "SalesWebMVC\SalesWebMVC.csproj", "{1A09BC07-037B-44A8-8C1F-DA9E54904651}"
EndProject
Global
	GlobalSection(SolutionConfigurationPlatforms) = preSolution
		Debug|Any CPU = Debug|Any CPU
		Release|Any CPU = Release|Any CPU
	EndGlobalSection
	GlobalSection(ProjectConfigurationPlatforms) = postSolution
		{1A09BC07-037B-44A8-8C1F-DA9E54904651}.Debug|Any CPU.ActiveCfg = Debug|Any CPU
		{1A09BC07-037B-44A8-8C1F-DA9E54904651}.Debug|Any CPU.Build.0 = Debug|Any CPU
		{1A09BC07-037B-44A8-8C1F-DA9E54904651}.Release|Any CPU.ActiveCfg = Release|Any CPU
		{1A09BC07-037B-44A8-8C1F-DA9E54904651}.Release|Any CPU.Build.0 = Release|Any CPU
	EndGlobalSection
	GlobalSection(SolutionProperties) = preSolution
		HideSolutionNode = FALSE
	EndGlobalSection
	GlobalSection(ExtensibilityGlobals) = postSolution
		SolutionGuid = {45CC3814-F24F-40E7-857C-DD6EA8F64526}
	EndGlobalSection
EndGlobal
